lockfileVersion: '6.0'

settings:
  autoInstallPeers: true
  excludeLinksFromLockfile: false

dependencies:
  leaflet.heat:
    specifier: ^0.2.0
    version: 0.2.0

packages:

  /leaflet.heat@0.2.0:
    resolution: {integrity: sha512-Cd5PbAA/rX3X3XKxfDoUGi9qp78FyhWYurFg3nsfhntcM/MCNK08pRkf4iEenO1KNqwVPKCmkyktjW3UD+h9bQ==}
    dev: false
